
Microsoft Visual Studio Solution File, Format Version 12.00
# Visual Studio 15
VisualStudioVersion = 15.0.28010.2019
MinimumVisualStudioVersion = 10.0.40219.1
Project("{FAE04EC0-301F-11D3-BF4B-00C04F79EFBC}") = "MathExpressionGenerator.Desktop", "MathExpressionGenerator.Desktop\MathExpressionGenerator.Desktop.csproj", "{437731D3-9177-48CB-BFCB-ACC9E3513DD7}"
EndProject
Project("{FAE04EC0-301F-11D3-BF4B-00C04F79EFBC}") = "MathExpressionGenerator.Models", "MathExpressionGenerator.Models\MathExpressionGenerator.Models.csproj", "{E6A65451-DFC2-4495-8F65-3E5492841F2C}"
EndProject
Project("{FAE04EC0-301F-11D3-BF4B-00C04F79EFBC}") = "MathExpressionGenerator.Services", "MathExpressionGenerator.Services\MathExpressionGenerator.Services.csproj", "{C111FC8D-BFC2-46DD-BA71-081AE963A07E}"
EndProject
Project("{FAE04EC0-301F-11D3-BF4B-00C04F79EFBC}") = "MathExpressionGenerator.Common", "MathExpressionGenerator.Common\MathExpressionGenerator.Common.csproj", "{F6ACAF88-EE4F-4AC7-9567-15E7F8F75BC7}"
EndProject
Project("{9A19103F-16F7-4668-BE54-9A1E7A4F7556}") = "MathExpressionGenerator.Web", "MathExpressionGenerator.Web\MathExpressionGenerator.Web.csproj", "{F8F58BA7-11E1-4AE1-8E5A-81F07B4173A7}"
EndProject
Global
	GlobalSection(SolutionConfigurationPlatforms) = preSolution
		Debug|Any CPU = Debug|Any CPU
		Release|Any CPU = Release|Any CPU
	EndGlobalSection
	GlobalSection(ProjectConfigurationPlatforms) = postSolution
		{437731D3-9177-48CB-BFCB-ACC9E3513DD7}.Debug|Any CPU.ActiveCfg = Debug|Any CPU
		{437731D3-9177-48CB-BFCB-ACC9E3513DD7}.Debug|Any CPU.Build.0 = Debug|Any CPU
		{437731D3-9177-48CB-BFCB-ACC9E3513DD7}.Release|Any CPU.ActiveCfg = Release|Any CPU
		{437731D3-9177-48CB-BFCB-ACC9E3513DD7}.Release|Any CPU.Build.0 = Release|Any CPU
		{E6A65451-DFC2-4495-8F65-3E5492841F2C}.Debug|Any CPU.ActiveCfg = Debug|Any CPU
		{E6A65451-DFC2-4495-8F65-3E5492841F2C}.Debug|Any CPU.Build.0 = Debug|Any CPU
		{E6A65451-DFC2-4495-8F65-3E5492841F2C}.Release|Any CPU.ActiveCfg = Release|Any CPU
		{E6A65451-DFC2-4495-8F65-3E5492841F2C}.Release|Any CPU.Build.0 = Release|Any CPU
		{C111FC8D-BFC2-46DD-BA71-081AE963A07E}.Debug|Any CPU.ActiveCfg = Debug|Any CPU
		{C111FC8D-BFC2-46DD-BA71-081AE963A07E}.Debug|Any CPU.Build.0 = Debug|Any CPU
		{C111FC8D-BFC2-46DD-BA71-081AE963A07E}.Release|Any CPU.ActiveCfg = Release|Any CPU
		{C111FC8D-BFC2-46DD-BA71-081AE963A07E}.Release|Any CPU.Build.0 = Release|Any CPU
		{F6ACAF88-EE4F-4AC7-9567-15E7F8F75BC7}.Debug|Any CPU.ActiveCfg = Debug|Any CPU
		{F6ACAF88-EE4F-4AC7-9567-15E7F8F75BC7}.Debug|Any CPU.Build.0 = Debug|Any CPU
		{F6ACAF88-EE4F-4AC7-9567-15E7F8F75BC7}.Release|Any CPU.ActiveCfg = Release|Any CPU
		{F6ACAF88-EE4F-4AC7-9567-15E7F8F75BC7}.Release|Any CPU.Build.0 = Release|Any CPU
		{F8F58BA7-11E1-4AE1-8E5A-81F07B4173A7}.Debug|Any CPU.ActiveCfg = Debug|Any CPU
		{F8F58BA7-11E1-4AE1-8E5A-81F07B4173A7}.Debug|Any CPU.Build.0 = Debug|Any CPU
		{F8F58BA7-11E1-4AE1-8E5A-81F07B4173A7}.Release|Any CPU.ActiveCfg = Release|Any CPU
		{F8F58BA7-11E1-4AE1-8E5A-81F07B4173A7}.Release|Any CPU.Build.0 = Release|Any CPU
	EndGlobalSection
	GlobalSection(SolutionProperties) = preSolution
		HideSolutionNode = FALSE
	EndGlobalSection
	GlobalSection(ExtensibilityGlobals) = postSolution
		SolutionGuid = {AADF6DB8-9DD4-44BA-B1D1-9F87DCEE2088}
	EndGlobalSection
EndGlobal
